
Microsoft Visual Studio Solution File, Format Version 12.00
# Visual Studio Version 17
VisualStudioVersion = 17.4.33213.308
MinimumVisualStudioVersion = 10.0.40219.1
Project("{9A19103F-16F7-4668-BE54-9A1E7A4F7556}") = "UserSearchProject", "UserSearchProject\UserSearchProject.csproj", "{BDB69180-8457-4EDA-A134-C4B352469197}"
EndProject
Project("{9A19103F-16F7-4668-BE54-9A1E7A4F7556}") = "UserSearchTests", "UserSearchTests\UserSearchTests.csproj", "{0A9DA314-793D-45FB-AAF4-F240A3D51AF8}"
EndProject
Global
	GlobalSection(SolutionConfigurationPlatforms) = preSolution
		Debug|Any CPU = Debug|Any CPU
		Release|Any CPU = Release|Any CPU
	EndGlobalSection
	GlobalSection(ProjectConfigurationPlatforms) = postSolution
		{BDB69180-8457-4EDA-A134-C4B352469197}.Debug|Any CPU.ActiveCfg = Debug|Any CPU
		{BDB69180-8457-4EDA-A134-C4B352469197}.Debug|Any CPU.Build.0 = Debug|Any CPU
		{BDB69180-8457-4EDA-A134-C4B352469197}.Release|Any CPU.ActiveCfg = Release|Any CPU
		{BDB69180-8457-4EDA-A134-C4B352469197}.Release|Any CPU.Build.0 = Release|Any CPU
		{0A9DA314-793D-45FB-AAF4-F240A3D51AF8}.Debug|Any CPU.ActiveCfg = Debug|Any CPU
		{0A9DA314-793D-45FB-AAF4-F240A3D51AF8}.Debug|Any CPU.Build.0 = Debug|Any CPU
		{0A9DA314-793D-45FB-AAF4-F240A3D51AF8}.Release|Any CPU.ActiveCfg = Release|Any CPU
		{0A9DA314-793D-45FB-AAF4-F240A3D51AF8}.Release|Any CPU.Build.0 = Release|Any CPU
	EndGlobalSection
	GlobalSection(SolutionProperties) = preSolution
		HideSolutionNode = FALSE
	EndGlobalSection
	GlobalSection(ExtensibilityGlobals) = postSolution
		SolutionGuid = {736CCFBA-C7BB-419B-A725-F682D82BE2A1}
	EndGlobalSection
EndGlobal
